
Microsoft Visual Studio Solution File, Format Version 12.00
# Visual Studio Version 17
VisualStudioVersion = 17.10.35122.118
MinimumVisualStudioVersion = 10.0.40219.1
Project("{FAE04EC0-301F-11D3-BF4B-00C04F79EFBC}") = "wpfgyakorlas", "wpfgyakorlas\wpfgyakorlas.csproj", "{DC5EDBB3-A6D2-4E63-99C5-2B483C540CC6}"
EndProject
Global
	GlobalSection(SolutionConfigurationPlatforms) = preSolution
		Debug|Any CPU = Debug|Any CPU
		Release|Any CPU = Release|Any CPU
	EndGlobalSection
	GlobalSection(ProjectConfigurationPlatforms) = postSolution
		{DC5EDBB3-A6D2-4E63-99C5-2B483C540CC6}.Debug|Any CPU.ActiveCfg = Debug|Any CPU
		{DC5EDBB3-A6D2-4E63-99C5-2B483C540CC6}.Debug|Any CPU.Build.0 = Debug|Any CPU
		{DC5EDBB3-A6D2-4E63-99C5-2B483C540CC6}.Release|Any CPU.ActiveCfg = Release|Any CPU
		{DC5EDBB3-A6D2-4E63-99C5-2B483C540CC6}.Release|Any CPU.Build.0 = Release|Any CPU
	EndGlobalSection
	GlobalSection(SolutionProperties) = preSolution
		HideSolutionNode = FALSE
	EndGlobalSection
	GlobalSection(ExtensibilityGlobals) = postSolution
		SolutionGuid = {DC88999B-4AD0-42DA-A2C3-F9C308692B00}
	EndGlobalSection
EndGlobal
