
Microsoft Visual Studio Solution File, Format Version 12.00
# Visual Studio Version 17
VisualStudioVersion = 17.10.35122.118
MinimumVisualStudioVersion = 10.0.40219.1
Project("{FAE04EC0-301F-11D3-BF4B-00C04F79EFBC}") = "szinkep", "szinkep\szinkep.csproj", "{5043BDA0-920B-4E25-9DD9-95083C666A41}"
EndProject
Global
	GlobalSection(SolutionConfigurationPlatforms) = preSolution
		Debug|Any CPU = Debug|Any CPU
		Release|Any CPU = Release|Any CPU
	EndGlobalSection
	GlobalSection(ProjectConfigurationPlatforms) = postSolution
		{5043BDA0-920B-4E25-9DD9-95083C666A41}.Debug|Any CPU.ActiveCfg = Debug|Any CPU
		{5043BDA0-920B-4E25-9DD9-95083C666A41}.Debug|Any CPU.Build.0 = Debug|Any CPU
		{5043BDA0-920B-4E25-9DD9-95083C666A41}.Release|Any CPU.ActiveCfg = Release|Any CPU
		{5043BDA0-920B-4E25-9DD9-95083C666A41}.Release|Any CPU.Build.0 = Release|Any CPU
	EndGlobalSection
	GlobalSection(SolutionProperties) = preSolution
		HideSolutionNode = FALSE
	EndGlobalSection
	GlobalSection(ExtensibilityGlobals) = postSolution
		SolutionGuid = {2571F4A0-4491-49A4-8F23-6E2CA09D75B0}
	EndGlobalSection
EndGlobal
