
Microsoft Visual Studio Solution File, Format Version 12.00
# Visual Studio Version 17
VisualStudioVersion = 17.10.35122.118
MinimumVisualStudioVersion = 10.0.40219.1
Project("{FAE04EC0-301F-11D3-BF4B-00C04F79EFBC}") = "gyakOOP", "gyakOOP\gyakOOP.csproj", "{D761C5EB-9746-4D8C-9679-B08AAD901059}"
EndProject
Global
	GlobalSection(SolutionConfigurationPlatforms) = preSolution
		Debug|Any CPU = Debug|Any CPU
		Release|Any CPU = Release|Any CPU
	EndGlobalSection
	GlobalSection(ProjectConfigurationPlatforms) = postSolution
		{D761C5EB-9746-4D8C-9679-B08AAD901059}.Debug|Any CPU.ActiveCfg = Debug|Any CPU
		{D761C5EB-9746-4D8C-9679-B08AAD901059}.Debug|Any CPU.Build.0 = Debug|Any CPU
		{D761C5EB-9746-4D8C-9679-B08AAD901059}.Release|Any CPU.ActiveCfg = Release|Any CPU
		{D761C5EB-9746-4D8C-9679-B08AAD901059}.Release|Any CPU.Build.0 = Release|Any CPU
	EndGlobalSection
	GlobalSection(SolutionProperties) = preSolution
		HideSolutionNode = FALSE
	EndGlobalSection
	GlobalSection(ExtensibilityGlobals) = postSolution
		SolutionGuid = {EA9362D5-C8A7-414A-B4C2-1377BCD6E1B3}
	EndGlobalSection
EndGlobal
